
Microsoft Visual Studio Solution File, Format Version 12.00
# Visual Studio 15
VisualStudioVersion = 15.0.27130.2010
MinimumVisualStudioVersion = 10.0.40219.1
Project("{FAE04EC0-301F-11D3-BF4B-00C04F79EFBC}") = "Samsara", "Samsara\Samsara.csproj", "{30C08119-B414-4EC7-998E-A086CEBB956D}"
EndProject
Global
	GlobalSection(SolutionConfigurationPlatforms) = preSolution
		Debug|Any CPU = Debug|Any CPU
		Release|Any CPU = Release|Any CPU
	EndGlobalSection
	GlobalSection(ProjectConfigurationPlatforms) = postSolution
		{30C08119-B414-4EC7-998E-A086CEBB956D}.Debug|Any CPU.ActiveCfg = Debug|Any CPU
		{30C08119-B414-4EC7-998E-A086CEBB956D}.Debug|Any CPU.Build.0 = Debug|Any CPU
		{30C08119-B414-4EC7-998E-A086CEBB956D}.Release|Any CPU.ActiveCfg = Release|Any CPU
		{30C08119-B414-4EC7-998E-A086CEBB956D}.Release|Any CPU.Build.0 = Release|Any CPU
	EndGlobalSection
	GlobalSection(SolutionProperties) = preSolution
		HideSolutionNode = FALSE
	EndGlobalSection
	GlobalSection(ExtensibilityGlobals) = postSolution
		SolutionGuid = {1CF99BD2-E5E5-4C97-96B2-DF926090F1CC}
	EndGlobalSection
EndGlobal
